
Microsoft Visual Studio Solution File, Format Version 12.00
# Visual Studio Version 17
VisualStudioVersion = 17.4.33205.214
MinimumVisualStudioVersion = 10.0.40219.1
Project("{FAE04EC0-301F-11D3-BF4B-00C04F79EFBC}") = "HappyWaterCarrier", "HappyWaterCarrier\HappyWaterCarrier.csproj", "{8998D2C9-8271-43C5-AABE-4C55D0ADB792}"
EndProject
Project("{54435603-DBB4-11D2-8724-00A0C9A8B90C}") = "HappyWaterCarrierSetup", "HappyWaterCarrierSetup\HappyWaterCarrierSetup.vdproj", "{1883DA0E-C459-4001-9ABC-555AEA742905}"
EndProject
Global
	GlobalSection(SolutionConfigurationPlatforms) = preSolution
		Debug|Any CPU = Debug|Any CPU
		Release|Any CPU = Release|Any CPU
	EndGlobalSection
	GlobalSection(ProjectConfigurationPlatforms) = postSolution
		{8998D2C9-8271-43C5-AABE-4C55D0ADB792}.Debug|Any CPU.ActiveCfg = Debug|Any CPU
		{8998D2C9-8271-43C5-AABE-4C55D0ADB792}.Debug|Any CPU.Build.0 = Debug|Any CPU
		{8998D2C9-8271-43C5-AABE-4C55D0ADB792}.Release|Any CPU.ActiveCfg = Release|Any CPU
		{8998D2C9-8271-43C5-AABE-4C55D0ADB792}.Release|Any CPU.Build.0 = Release|Any CPU
		{1883DA0E-C459-4001-9ABC-555AEA742905}.Debug|Any CPU.ActiveCfg = Release
		{1883DA0E-C459-4001-9ABC-555AEA742905}.Release|Any CPU.ActiveCfg = Release
	EndGlobalSection
	GlobalSection(SolutionProperties) = preSolution
		HideSolutionNode = FALSE
	EndGlobalSection
	GlobalSection(ExtensibilityGlobals) = postSolution
		SolutionGuid = {059034EB-AC5F-4C7E-9D61-B9A82377D9C6}
	EndGlobalSection
EndGlobal
